
Microsoft Visual Studio Solution File, Format Version 12.00
# Visual Studio Version 16
VisualStudioVersion = 16.0.30413.136
MinimumVisualStudioVersion = 10.0.40219.1
Project("{FAE04EC0-301F-11D3-BF4B-00C04F79EFBC}") = "AdapterDemo", "AdapterDemo\AdapterDemo.csproj", "{75D7549D-888C-4DC5-A620-FA018E94FDEA}"
EndProject
Project("{9A19103F-16F7-4668-BE54-9A1E7A4F7556}") = "BridgeDemo", "BridgeDemo\BridgeDemo.csproj", "{86A1EDE8-1CAD-4E86-9EDC-BC2A3CDB0EC6}"
EndProject
Project("{9A19103F-16F7-4668-BE54-9A1E7A4F7556}") = "TheBuilderDemo", "TheBuilderDemo\TheBuilderDemo.csproj", "{6744C775-B493-4908-990D-498B5025036B}"
EndProject
Project("{9A19103F-16F7-4668-BE54-9A1E7A4F7556}") = "ChainOfResponibilityDemo", "ChainOdResponibilityDemo\ChainOfResponibilityDemo.csproj", "{461F3332-F4E8-4F84-A7AD-8E0C7D7542EA}"
EndProject
Project("{9A19103F-16F7-4668-BE54-9A1E7A4F7556}") = "TheCommandDemo", "TheCommandDemo\TheCommandDemo.csproj", "{FF2D3820-31FE-48C0-BE24-D601DC9F22C0}"
EndProject
Project("{9A19103F-16F7-4668-BE54-9A1E7A4F7556}") = "CompositeDemo", "CompositeDemo\CompositeDemo.csproj", "{B622A963-87F9-4452-84F9-CA1F083797F1}"
EndProject
Project("{9A19103F-16F7-4668-BE54-9A1E7A4F7556}") = "DecoratorDemo", "DecoratorDemo\DecoratorDemo.csproj", "{B00407FA-59CB-4456-9D7F-6FE6520A8FBB}"
EndProject
Project("{9A19103F-16F7-4668-BE54-9A1E7A4F7556}") = "SingletoneDemo", "SingletoneDemo\SingletoneDemo.csproj", "{07583947-220D-4F7C-B800-4125F755FEFD}"
EndProject
Project("{9A19103F-16F7-4668-BE54-9A1E7A4F7556}") = "FacadePattern", "FacadePattern\FacadePattern.csproj", "{29ECCA7A-B2A0-4BAF-B081-444652E5DDEF}"
EndProject
Project("{9A19103F-16F7-4668-BE54-9A1E7A4F7556}") = "EventAggregatorDemo", "EventAggregatorDemo\EventAggregatorDemo.csproj", "{B22345CC-96B0-4697-ADA7-BC9FB8AB1E40}"
EndProject
Project("{9A19103F-16F7-4668-BE54-9A1E7A4F7556}") = "FactoryPattern", "FactoryPattern\FactoryPattern.csproj", "{7A708364-1E8A-4CFE-B157-716C2977A42E}"
EndProject
Project("{9A19103F-16F7-4668-BE54-9A1E7A4F7556}") = "FactoryMethodDemo", "FactoryMethodDemo\FactoryMethodDemo.csproj", "{8CAD6D6B-689C-450D-BA41-9B9F0C386EEC}"
EndProject
Project("{9A19103F-16F7-4668-BE54-9A1E7A4F7556}") = "FlyWeightDemo", "FlyWeightDemo\FlyWeightDemo.csproj", "{638F0253-2D32-456B-BF30-13D6A84F620B}"
EndProject
Project("{FAE04EC0-301F-11D3-BF4B-00C04F79EFBC}") = "InterpreterDemo", "InterpreterDemo\InterpreterDemo.csproj", "{B5B41985-2F01-4488-BB9D-03AC9888D918}"
EndProject
Project("{FAE04EC0-301F-11D3-BF4B-00C04F79EFBC}") = "IteratorDemo", "IteratorDemo\IteratorDemo.csproj", "{D392C0CA-EA87-4DD1-80DD-66555B2DEAA9}"
EndProject
Global
	GlobalSection(SolutionConfigurationPlatforms) = preSolution
		Debug|Any CPU = Debug|Any CPU
		Release|Any CPU = Release|Any CPU
	EndGlobalSection
	GlobalSection(ProjectConfigurationPlatforms) = postSolution
		{75D7549D-888C-4DC5-A620-FA018E94FDEA}.Debug|Any CPU.ActiveCfg = Debug|Any CPU
		{75D7549D-888C-4DC5-A620-FA018E94FDEA}.Debug|Any CPU.Build.0 = Debug|Any CPU
		{75D7549D-888C-4DC5-A620-FA018E94FDEA}.Release|Any CPU.ActiveCfg = Release|Any CPU
		{75D7549D-888C-4DC5-A620-FA018E94FDEA}.Release|Any CPU.Build.0 = Release|Any CPU
		{86A1EDE8-1CAD-4E86-9EDC-BC2A3CDB0EC6}.Debug|Any CPU.ActiveCfg = Debug|Any CPU
		{86A1EDE8-1CAD-4E86-9EDC-BC2A3CDB0EC6}.Debug|Any CPU.Build.0 = Debug|Any CPU
		{86A1EDE8-1CAD-4E86-9EDC-BC2A3CDB0EC6}.Release|Any CPU.ActiveCfg = Release|Any CPU
		{86A1EDE8-1CAD-4E86-9EDC-BC2A3CDB0EC6}.Release|Any CPU.Build.0 = Release|Any CPU
		{6744C775-B493-4908-990D-498B5025036B}.Debug|Any CPU.ActiveCfg = Debug|Any CPU
		{6744C775-B493-4908-990D-498B5025036B}.Debug|Any CPU.Build.0 = Debug|Any CPU
		{6744C775-B493-4908-990D-498B5025036B}.Release|Any CPU.ActiveCfg = Release|Any CPU
		{6744C775-B493-4908-990D-498B5025036B}.Release|Any CPU.Build.0 = Release|Any CPU
		{461F3332-F4E8-4F84-A7AD-8E0C7D7542EA}.Debug|Any CPU.ActiveCfg = Debug|Any CPU
		{461F3332-F4E8-4F84-A7AD-8E0C7D7542EA}.Debug|Any CPU.Build.0 = Debug|Any CPU
		{461F3332-F4E8-4F84-A7AD-8E0C7D7542EA}.Release|Any CPU.ActiveCfg = Release|Any CPU
		{461F3332-F4E8-4F84-A7AD-8E0C7D7542EA}.Release|Any CPU.Build.0 = Release|Any CPU
		{FF2D3820-31FE-48C0-BE24-D601DC9F22C0}.Debug|Any CPU.ActiveCfg = Debug|Any CPU
		{FF2D3820-31FE-48C0-BE24-D601DC9F22C0}.Debug|Any CPU.Build.0 = Debug|Any CPU
		{FF2D3820-31FE-48C0-BE24-D601DC9F22C0}.Release|Any CPU.ActiveCfg = Release|Any CPU
		{FF2D3820-31FE-48C0-BE24-D601DC9F22C0}.Release|Any CPU.Build.0 = Release|Any CPU
		{B622A963-87F9-4452-84F9-CA1F083797F1}.Debug|Any CPU.ActiveCfg = Debug|Any CPU
		{B622A963-87F9-4452-84F9-CA1F083797F1}.Debug|Any CPU.Build.0 = Debug|Any CPU
		{B622A963-87F9-4452-84F9-CA1F083797F1}.Release|Any CPU.ActiveCfg = Release|Any CPU
		{B622A963-87F9-4452-84F9-CA1F083797F1}.Release|Any CPU.Build.0 = Release|Any CPU
		{B00407FA-59CB-4456-9D7F-6FE6520A8FBB}.Debug|Any CPU.ActiveCfg = Debug|Any CPU
		{B00407FA-59CB-4456-9D7F-6FE6520A8FBB}.Debug|Any CPU.Build.0 = Debug|Any CPU
		{B00407FA-59CB-4456-9D7F-6FE6520A8FBB}.Release|Any CPU.ActiveCfg = Release|Any CPU
		{B00407FA-59CB-4456-9D7F-6FE6520A8FBB}.Release|Any CPU.Build.0 = Release|Any CPU
		{07583947-220D-4F7C-B800-4125F755FEFD}.Debug|Any CPU.ActiveCfg = Debug|Any CPU
		{07583947-220D-4F7C-B800-4125F755FEFD}.Debug|Any CPU.Build.0 = Debug|Any CPU
		{07583947-220D-4F7C-B800-4125F755FEFD}.Release|Any CPU.ActiveCfg = Release|Any CPU
		{07583947-220D-4F7C-B800-4125F755FEFD}.Release|Any CPU.Build.0 = Release|Any CPU
		{29ECCA7A-B2A0-4BAF-B081-444652E5DDEF}.Debug|Any CPU.ActiveCfg = Debug|Any CPU
		{29ECCA7A-B2A0-4BAF-B081-444652E5DDEF}.Debug|Any CPU.Build.0 = Debug|Any CPU
		{29ECCA7A-B2A0-4BAF-B081-444652E5DDEF}.Release|Any CPU.ActiveCfg = Release|Any CPU
		{29ECCA7A-B2A0-4BAF-B081-444652E5DDEF}.Release|Any CPU.Build.0 = Release|Any CPU
		{B22345CC-96B0-4697-ADA7-BC9FB8AB1E40}.Debug|Any CPU.ActiveCfg = Debug|Any CPU
		{B22345CC-96B0-4697-ADA7-BC9FB8AB1E40}.Debug|Any CPU.Build.0 = Debug|Any CPU
		{B22345CC-96B0-4697-ADA7-BC9FB8AB1E40}.Release|Any CPU.ActiveCfg = Release|Any CPU
		{B22345CC-96B0-4697-ADA7-BC9FB8AB1E40}.Release|Any CPU.Build.0 = Release|Any CPU
		{7A708364-1E8A-4CFE-B157-716C2977A42E}.Debug|Any CPU.ActiveCfg = Debug|Any CPU
		{7A708364-1E8A-4CFE-B157-716C2977A42E}.Debug|Any CPU.Build.0 = Debug|Any CPU
		{7A708364-1E8A-4CFE-B157-716C2977A42E}.Release|Any CPU.ActiveCfg = Release|Any CPU
		{7A708364-1E8A-4CFE-B157-716C2977A42E}.Release|Any CPU.Build.0 = Release|Any CPU
		{8CAD6D6B-689C-450D-BA41-9B9F0C386EEC}.Debug|Any CPU.ActiveCfg = Debug|Any CPU
		{8CAD6D6B-689C-450D-BA41-9B9F0C386EEC}.Debug|Any CPU.Build.0 = Debug|Any CPU
		{8CAD6D6B-689C-450D-BA41-9B9F0C386EEC}.Release|Any CPU.ActiveCfg = Release|Any CPU
		{8CAD6D6B-689C-450D-BA41-9B9F0C386EEC}.Release|Any CPU.Build.0 = Release|Any CPU
		{638F0253-2D32-456B-BF30-13D6A84F620B}.Debug|Any CPU.ActiveCfg = Debug|Any CPU
		{638F0253-2D32-456B-BF30-13D6A84F620B}.Debug|Any CPU.Build.0 = Debug|Any CPU
		{638F0253-2D32-456B-BF30-13D6A84F620B}.Release|Any CPU.ActiveCfg = Release|Any CPU
		{638F0253-2D32-456B-BF30-13D6A84F620B}.Release|Any CPU.Build.0 = Release|Any CPU
		{B5B41985-2F01-4488-BB9D-03AC9888D918}.Debug|Any CPU.ActiveCfg = Debug|Any CPU
		{B5B41985-2F01-4488-BB9D-03AC9888D918}.Debug|Any CPU.Build.0 = Debug|Any CPU
		{B5B41985-2F01-4488-BB9D-03AC9888D918}.Release|Any CPU.ActiveCfg = Release|Any CPU
		{B5B41985-2F01-4488-BB9D-03AC9888D918}.Release|Any CPU.Build.0 = Release|Any CPU
		{D392C0CA-EA87-4DD1-80DD-66555B2DEAA9}.Debug|Any CPU.ActiveCfg = Debug|Any CPU
		{D392C0CA-EA87-4DD1-80DD-66555B2DEAA9}.Debug|Any CPU.Build.0 = Debug|Any CPU
		{D392C0CA-EA87-4DD1-80DD-66555B2DEAA9}.Release|Any CPU.ActiveCfg = Release|Any CPU
		{D392C0CA-EA87-4DD1-80DD-66555B2DEAA9}.Release|Any CPU.Build.0 = Release|Any CPU
	EndGlobalSection
	GlobalSection(SolutionProperties) = preSolution
		HideSolutionNode = FALSE
	EndGlobalSection
	GlobalSection(ExtensibilityGlobals) = postSolution
		SolutionGuid = {E09BA0D0-B761-43DE-BF7B-1B2E37D3CC35}
	EndGlobalSection
EndGlobal
